// !$*UTF8*$!
{
	archiveVersion = 1;
	classes = {
	};
	objectVersion = 50;
	objects = {

/* Begin PBXBuildFile section */
		F564D97E2266BEDE00A5849B /* json-serializable.c in Sources */ = {isa = PBXBuildFile; fileRef = F564D9592266BEDC00A5849B /* json-serializable.c */; };
		F564D97F2266BEDE00A5849B /* json-utils.c in Sources */ = {isa = PBXBuildFile; fileRef = F564D95A2266BEDC00A5849B /* json-utils.c */; };
		F564D9802266BEDE00A5849B /* json-path.c in Sources */ = {isa = PBXBuildFile; fileRef = F564D95D2266BEDC00A5849B /* json-path.c */; };
		F564D9812266BEDE00A5849B /* json-object.c in Sources */ = {isa = PBXBuildFile; fileRef = F564D9612266BEDC00A5849B /* json-object.c */; };
		F564D9822266BEDE00A5849B /* json-scanner.c in Sources */ = {isa = PBXBuildFile; fileRef = F564D9622266BEDC00A5849B /* json-scanner.c */; };
		F564D9832266BEDE00A5849B /* json-gboxed.c in Sources */ = {isa = PBXBuildFile; fileRef = F564D9642266BEDC00A5849B /* json-gboxed.c */; };
		F564D9842266BEDE00A5849B /* json-parser.c in Sources */ = {isa = PBXBuildFile; fileRef = F564D9652266BEDC00A5849B /* json-parser.c */; };
		F564D9852266BEDE00A5849B /* json-builder.c in Sources */ = {isa = PBXBuildFile; fileRef = F564D9662266BEDC00A5849B /* json-builder.c */; };
		F564D9862266BEDE00A5849B /* json-gobject.c in Sources */ = {isa = PBXBuildFile; fileRef = F564D9672266BEDC00A5849B /* json-gobject.c */; };
		F564D9872266BEDE00A5849B /* json-node.c in Sources */ = {isa = PBXBuildFile; fileRef = F564D96C2266BEDD00A5849B /* json-node.c */; };
		F564D9882266BEDE00A5849B /* json-gvariant.c in Sources */ = {isa = PBXBuildFile; fileRef = F564D96E2266BEDD00A5849B /* json-gvariant.c */; };
		F564D9892266BEDE00A5849B /* json-reader.c in Sources */ = {isa = PBXBuildFile; fileRef = F564D96F2266BEDD00A5849B /* json-reader.c */; };
		F564D98A2266BEDE00A5849B /* json-generator.c in Sources */ = {isa = PBXBuildFile; fileRef = F564D9712266BEDD00A5849B /* json-generator.c */; };
		F564D98B2266BEDE00A5849B /* json-value.c in Sources */ = {isa = PBXBuildFile; fileRef = F564D9732266BEDD00A5849B /* json-value.c */; };
		F564D98C2266BEDE00A5849B /* json-glib-validate.c in Sources */ = {isa = PBXBuildFile; fileRef = F564D9762266BEDD00A5849B /* json-glib-validate.c */; };
		F564D98D2266BEDE00A5849B /* json-enum-types.c in Sources */ = {isa = PBXBuildFile; fileRef = F564D9782266BEDD00A5849B /* json-enum-types.c */; };
		F564D98E2266BEDE00A5849B /* json-debug.c in Sources */ = {isa = PBXBuildFile; fileRef = F564D9792266BEDE00A5849B /* json-debug.c */; };
		F564D98F2266BEDE00A5849B /* json-glib-format.c in Sources */ = {isa = PBXBuildFile; fileRef = F564D97A2266BEDE00A5849B /* json-glib-format.c */; };
		F564D9902266BEDE00A5849B /* json-array.c in Sources */ = {isa = PBXBuildFile; fileRef = F564D97B2266BEDE00A5849B /* json-array.c */; };
		F564D99B2266CBE900A5849B /* json-builder.h in CopyFiles */ = {isa = PBXBuildFile; fileRef = F564D95E2266BEDC00A5849B /* json-builder.h */; };
		F564D99C2266CBE900A5849B /* json-debug.h in CopyFiles */ = {isa = PBXBuildFile; fileRef = F564D96A2266BEDC00A5849B /* json-debug.h */; };
		F564D99D2266CBE900A5849B /* json-enum-types.h in CopyFiles */ = {isa = PBXBuildFile; fileRef = F564D9602266BEDC00A5849B /* json-enum-types.h */; };
		F564D99E2266CBE900A5849B /* json-generator.h in CopyFiles */ = {isa = PBXBuildFile; fileRef = F564D9702266BEDD00A5849B /* json-generator.h */; };
		F564D99F2266CBE900A5849B /* json-glib.h in CopyFiles */ = {isa = PBXBuildFile; fileRef = F564D9682266BEDC00A5849B /* json-glib.h */; };
		F564D9A02266CBE900A5849B /* json-gobject-private.h in CopyFiles */ = {isa = PBXBuildFile; fileRef = F564D9692266BEDC00A5849B /* json-gobject-private.h */; };
		F564D9A12266CBE900A5849B /* json-gobject.h in CopyFiles */ = {isa = PBXBuildFile; fileRef = F564D96B2266BEDD00A5849B /* json-gobject.h */; };
		F564D9A22266CBE900A5849B /* json-gvariant.h in CopyFiles */ = {isa = PBXBuildFile; fileRef = F564D9632266BEDC00A5849B /* json-gvariant.h */; };
		F564D9A32266CBE900A5849B /* json-parser.h in CopyFiles */ = {isa = PBXBuildFile; fileRef = F564D95C2266BEDC00A5849B /* json-parser.h */; };
		F564D9A42266CBE900A5849B /* json-path.h in CopyFiles */ = {isa = PBXBuildFile; fileRef = F564D97D2266BEDE00A5849B /* json-path.h */; };
		F564D9A52266CBE900A5849B /* json-reader.h in CopyFiles */ = {isa = PBXBuildFile; fileRef = F564D9722266BEDD00A5849B /* json-reader.h */; };
		F564D9A62266CBE900A5849B /* json-scanner.h in CopyFiles */ = {isa = PBXBuildFile; fileRef = F564D97C2266BEDE00A5849B /* json-scanner.h */; };
		F564D9A72266CBE900A5849B /* json-types-private.h in CopyFiles */ = {isa = PBXBuildFile; fileRef = F564D9742266BEDD00A5849B /* json-types-private.h */; };
		F564D9A82266CBE900A5849B /* json-types.h in CopyFiles */ = {isa = PBXBuildFile; fileRef = F564D95B2266BEDC00A5849B /* json-types.h */; };
		F564D9A92266CBE900A5849B /* json-utils.h in CopyFiles */ = {isa = PBXBuildFile; fileRef = F564D9752266BEDD00A5849B /* json-utils.h */; };
		F564D9AA2266CBE900A5849B /* json-version-macros.h in CopyFiles */ = {isa = PBXBuildFile; fileRef = F564D9772266BEDD00A5849B /* json-version-macros.h */; };
		F564D9AB2266CBE900A5849B /* json-version.h in CopyFiles */ = {isa = PBXBuildFile; fileRef = F564D96D2266BEDD00A5849B /* json-version.h */; };
/* End PBXBuildFile section */

/* Begin PBXCopyFilesBuildPhase section */
		F564D94B2266BEB700A5849B /* CopyFiles */ = {
			isa = PBXCopyFilesBuildPhase;
			buildActionMask = 2147483647;
			dstPath = "include/$(PRODUCT_NAME)";
			dstSubfolderSpec = 16;
			files = (
				F564D99B2266CBE900A5849B /* json-builder.h in CopyFiles */,
				F564D99C2266CBE900A5849B /* json-debug.h in CopyFiles */,
				F564D99D2266CBE900A5849B /* json-enum-types.h in CopyFiles */,
				F564D99E2266CBE900A5849B /* json-generator.h in CopyFiles */,
				F564D99F2266CBE900A5849B /* json-glib.h in CopyFiles */,
				F564D9A02266CBE900A5849B /* json-gobject-private.h in CopyFiles */,
				F564D9A12266CBE900A5849B /* json-gobject.h in CopyFiles */,
				F564D9A22266CBE900A5849B /* json-gvariant.h in CopyFiles */,
				F564D9A32266CBE900A5849B /* json-parser.h in CopyFiles */,
				F564D9A42266CBE900A5849B /* json-path.h in CopyFiles */,
				F564D9A52266CBE900A5849B /* json-reader.h in CopyFiles */,
				F564D9A62266CBE900A5849B /* json-scanner.h in CopyFiles */,
				F564D9A72266CBE900A5849B /* json-types-private.h in CopyFiles */,
				F564D9A82266CBE900A5849B /* json-types.h in CopyFiles */,
				F564D9A92266CBE900A5849B /* json-utils.h in CopyFiles */,
				F564D9AA2266CBE900A5849B /* json-version-macros.h in CopyFiles */,
				F564D9AB2266CBE900A5849B /* json-version.h in CopyFiles */,
			);
			runOnlyForDeploymentPostprocessing = 0;
		};
/* End PBXCopyFilesBuildPhase section */

/* Begin PBXFileReference section */
		F564D94D2266BEB700A5849B /* libglib-json.a */ = {isa = PBXFileReference; explicitFileType = archive.ar; includeInIndex = 0; path = "libglib-json.a"; sourceTree = BUILT_PRODUCTS_DIR; };
		F564D9592266BEDC00A5849B /* json-serializable.c */ = {isa = PBXFileReference; fileEncoding = 4; lastKnownFileType = sourcecode.c.c; path = "json-serializable.c"; sourceTree = "<group>"; };
		F564D95A2266BEDC00A5849B /* json-utils.c */ = {isa = PBXFileReference; fileEncoding = 4; lastKnownFileType = sourcecode.c.c; path = "json-utils.c"; sourceTree = "<group>"; };
		F564D95B2266BEDC00A5849B /* json-types.h */ = {isa = PBXFileReference; fileEncoding = 4; lastKnownFileType = sourcecode.c.h; path = "json-types.h"; sourceTree = "<group>"; };
		F564D95C2266BEDC00A5849B /* json-parser.h */ = {isa = PBXFileReference; fileEncoding = 4; lastKnownFileType = sourcecode.c.h; path = "json-parser.h"; sourceTree = "<group>"; };
		F564D95D2266BEDC00A5849B /* json-path.c */ = {isa = PBXFileReference; fileEncoding = 4; lastKnownFileType = sourcecode.c.c; path = "json-path.c"; sourceTree = "<group>"; };
		F564D95E2266BEDC00A5849B /* json-builder.h */ = {isa = PBXFileReference; fileEncoding = 4; lastKnownFileType = sourcecode.c.h; path = "json-builder.h"; sourceTree = "<group>"; };
		F564D95F2266BEDC00A5849B /* config.h */ = {isa = PBXFileReference; fileEncoding = 4; lastKnownFileType = sourcecode.c.h; path = config.h; sourceTree = "<group>"; };
		F564D9602266BEDC00A5849B /* json-enum-types.h */ = {isa = PBXFileReference; fileEncoding = 4; lastKnownFileType = sourcecode.c.h; path = "json-enum-types.h"; sourceTree = "<group>"; };
		F564D9612266BEDC00A5849B /* json-object.c */ = {isa = PBXFileReference; fileEncoding = 4; lastKnownFileType = sourcecode.c.c; path = "json-object.c"; sourceTree = "<group>"; };
		F564D9622266BEDC00A5849B /* json-scanner.c */ = {isa = PBXFileReference; fileEncoding = 4; lastKnownFileType = sourcecode.c.c; path = "json-scanner.c"; sourceTree = "<group>"; };
		F564D9632266BEDC00A5849B /* json-gvariant.h */ = {isa = PBXFileReference; fileEncoding = 4; lastKnownFileType = sourcecode.c.h; path = "json-gvariant.h"; sourceTree = "<group>"; };
		F564D9642266BEDC00A5849B /* json-gboxed.c */ = {isa = PBXFileReference; fileEncoding = 4; lastKnownFileType = sourcecode.c.c; path = "json-gboxed.c"; sourceTree = "<group>"; };
		F564D9652266BEDC00A5849B /* json-parser.c */ = {isa = PBXFileReference; fileEncoding = 4; lastKnownFileType = sourcecode.c.c; path = "json-parser.c"; sourceTree = "<group>"; };
		F564D9662266BEDC00A5849B /* json-builder.c */ = {isa = PBXFileReference; fileEncoding = 4; lastKnownFileType = sourcecode.c.c; path = "json-builder.c"; sourceTree = "<group>"; };
		F564D9672266BEDC00A5849B /* json-gobject.c */ = {isa = PBXFileReference; fileEncoding = 4; lastKnownFileType = sourcecode.c.c; path = "json-gobject.c"; sourceTree = "<group>"; };
		F564D9682266BEDC00A5849B /* json-glib.h */ = {isa = PBXFileReference; fileEncoding = 4; lastKnownFileType = sourcecode.c.h; path = "json-glib.h"; sourceTree = "<group>"; };
		F564D9692266BEDC00A5849B /* json-gobject-private.h */ = {isa = PBXFileReference; fileEncoding = 4; lastKnownFileType = sourcecode.c.h; path = "json-gobject-private.h"; sourceTree = "<group>"; };
		F564D96A2266BEDC00A5849B /* json-debug.h */ = {isa = PBXFileReference; fileEncoding = 4; lastKnownFileType = sourcecode.c.h; path = "json-debug.h"; sourceTree = "<group>"; };
		F564D96B2266BEDD00A5849B /* json-gobject.h */ = {isa = PBXFileReference; fileEncoding = 4; lastKnownFileType = sourcecode.c.h; path = "json-gobject.h"; sourceTree = "<group>"; };
		F564D96C2266BEDD00A5849B /* json-node.c */ = {isa = PBXFileReference; fileEncoding = 4; lastKnownFileType = sourcecode.c.c; path = "json-node.c"; sourceTree = "<group>"; };
		F564D96D2266BEDD00A5849B /* json-version.h */ = {isa = PBXFileReference; fileEncoding = 4; lastKnownFileType = sourcecode.c.h; path = "json-version.h"; sourceTree = "<group>"; };
		F564D96E2266BEDD00A5849B /* json-gvariant.c */ = {isa = PBXFileReference; fileEncoding = 4; lastKnownFileType = sourcecode.c.c; path = "json-gvariant.c"; sourceTree = "<group>"; };
		F564D96F2266BEDD00A5849B /* json-reader.c */ = {isa = PBXFileReference; fileEncoding = 4; lastKnownFileType = sourcecode.c.c; path = "json-reader.c"; sourceTree = "<group>"; };
		F564D9702266BEDD00A5849B /* json-generator.h */ = {isa = PBXFileReference; fileEncoding = 4; lastKnownFileType = sourcecode.c.h; path = "json-generator.h"; sourceTree = "<group>"; };
		F564D9712266BEDD00A5849B /* json-generator.c */ = {isa = PBXFileReference; fileEncoding = 4; lastKnownFileType = sourcecode.c.c; path = "json-generator.c"; sourceTree = "<group>"; };
		F564D9722266BEDD00A5849B /* json-reader.h */ = {isa = PBXFileReference; fileEncoding = 4; lastKnownFileType = sourcecode.c.h; path = "json-reader.h"; sourceTree = "<group>"; };
		F564D9732266BEDD00A5849B /* json-value.c */ = {isa = PBXFileReference; fileEncoding = 4; lastKnownFileType = sourcecode.c.c; path = "json-value.c"; sourceTree = "<group>"; };
		F564D9742266BEDD00A5849B /* json-types-private.h */ = {isa = PBXFileReference; fileEncoding = 4; lastKnownFileType = sourcecode.c.h; path = "json-types-private.h"; sourceTree = "<group>"; };
		F564D9752266BEDD00A5849B /* json-utils.h */ = {isa = PBXFileReference; fileEncoding = 4; lastKnownFileType = sourcecode.c.h; path = "json-utils.h"; sourceTree = "<group>"; };
		F564D9762266BEDD00A5849B /* json-glib-validate.c */ = {isa = PBXFileReference; fileEncoding = 4; lastKnownFileType = sourcecode.c.c; path = "json-glib-validate.c"; sourceTree = "<group>"; };
		F564D9772266BEDD00A5849B /* json-version-macros.h */ = {isa = PBXFileReference; fileEncoding = 4; lastKnownFileType = sourcecode.c.h; path = "json-version-macros.h"; sourceTree = "<group>"; };
		F564D9782266BEDD00A5849B /* json-enum-types.c */ = {isa = PBXFileReference; fileEncoding = 4; lastKnownFileType = sourcecode.c.c; path = "json-enum-types.c"; sourceTree = "<group>"; };
		F564D9792266BEDE00A5849B /* json-debug.c */ = {isa = PBXFileReference; fileEncoding = 4; lastKnownFileType = sourcecode.c.c; path = "json-debug.c"; sourceTree = "<group>"; };
		F564D97A2266BEDE00A5849B /* json-glib-format.c */ = {isa = PBXFileReference; fileEncoding = 4; lastKnownFileType = sourcecode.c.c; path = "json-glib-format.c"; sourceTree = "<group>"; };
		F564D97B2266BEDE00A5849B /* json-array.c */ = {isa = PBXFileReference; fileEncoding = 4; lastKnownFileType = sourcecode.c.c; path = "json-array.c"; sourceTree = "<group>"; };
		F564D97C2266BEDE00A5849B /* json-scanner.h */ = {isa = PBXFileReference; fileEncoding = 4; lastKnownFileType = sourcecode.c.h; path = "json-scanner.h"; sourceTree = "<group>"; };
		F564D97D2266BEDE00A5849B /* json-path.h */ = {isa = PBXFileReference; fileEncoding = 4; lastKnownFileType = sourcecode.c.h; path = "json-path.h"; sourceTree = "<group>"; };
/* End PBXFileReference section */

/* Begin PBXFrameworksBuildPhase section */
		F564D94A2266BEB700A5849B /* Frameworks */ = {
			isa = PBXFrameworksBuildPhase;
			buildActionMask = 2147483647;
			files = (
			);
			runOnlyForDeploymentPostprocessing = 0;
		};
/* End PBXFrameworksBuildPhase section */

/* Begin PBXGroup section */
		F564D9442266BEB700A5849B = {
			isa = PBXGroup;
			children = (
				F564D94F2266BEB700A5849B /* glib-json */,
				F564D94E2266BEB700A5849B /* Products */,
			);
			sourceTree = "<group>";
		};
		F564D94E2266BEB700A5849B /* Products */ = {
			isa = PBXGroup;
			children = (
				F564D94D2266BEB700A5849B /* libglib-json.a */,
			);
			name = Products;
			sourceTree = "<group>";
		};
		F564D94F2266BEB700A5849B /* glib-json */ = {
			isa = PBXGroup;
			children = (
				F564D95F2266BEDC00A5849B /* config.h */,
				F564D97B2266BEDE00A5849B /* json-array.c */,
				F564D9662266BEDC00A5849B /* json-builder.c */,
				F564D95E2266BEDC00A5849B /* json-builder.h */,
				F564D9792266BEDE00A5849B /* json-debug.c */,
				F564D96A2266BEDC00A5849B /* json-debug.h */,
				F564D9782266BEDD00A5849B /* json-enum-types.c */,
				F564D9602266BEDC00A5849B /* json-enum-types.h */,
				F564D9642266BEDC00A5849B /* json-gboxed.c */,
				F564D9712266BEDD00A5849B /* json-generator.c */,
				F564D9702266BEDD00A5849B /* json-generator.h */,
				F564D97A2266BEDE00A5849B /* json-glib-format.c */,
				F564D9762266BEDD00A5849B /* json-glib-validate.c */,
				F564D9682266BEDC00A5849B /* json-glib.h */,
				F564D9692266BEDC00A5849B /* json-gobject-private.h */,
				F564D9672266BEDC00A5849B /* json-gobject.c */,
				F564D96B2266BEDD00A5849B /* json-gobject.h */,
				F564D96E2266BEDD00A5849B /* json-gvariant.c */,
				F564D9632266BEDC00A5849B /* json-gvariant.h */,
				F564D96C2266BEDD00A5849B /* json-node.c */,
				F564D9612266BEDC00A5849B /* json-object.c */,
				F564D9652266BEDC00A5849B /* json-parser.c */,
				F564D95C2266BEDC00A5849B /* json-parser.h */,
				F564D95D2266BEDC00A5849B /* json-path.c */,
				F564D97D2266BEDE00A5849B /* json-path.h */,
				F564D96F2266BEDD00A5849B /* json-reader.c */,
				F564D9722266BEDD00A5849B /* json-reader.h */,
				F564D9622266BEDC00A5849B /* json-scanner.c */,
				F564D97C2266BEDE00A5849B /* json-scanner.h */,
				F564D9592266BEDC00A5849B /* json-serializable.c */,
				F564D9742266BEDD00A5849B /* json-types-private.h */,
				F564D95B2266BEDC00A5849B /* json-types.h */,
				F564D95A2266BEDC00A5849B /* json-utils.c */,
				F564D9752266BEDD00A5849B /* json-utils.h */,
				F564D9732266BEDD00A5849B /* json-value.c */,
				F564D9772266BEDD00A5849B /* json-version-macros.h */,
				F564D96D2266BEDD00A5849B /* json-version.h */,
			);
			path = "glib-json";
			sourceTree = "<group>";
		};
/* End PBXGroup section */

/* Begin PBXNativeTarget section */
		F564D94C2266BEB700A5849B /* glib-json */ = {
			isa = PBXNativeTarget;
			buildConfigurationList = F564D9562266BEB700A5849B /* Build configuration list for PBXNativeTarget "glib-json" */;
			buildPhases = (
				F564D9492266BEB700A5849B /* Sources */,
				F564D94A2266BEB700A5849B /* Frameworks */,
				F564D94B2266BEB700A5849B /* CopyFiles */,
			);
			buildRules = (
			);
			dependencies = (
			);
			name = "glib-json";
			productName = "glib-json";
			productReference = F564D94D2266BEB700A5849B /* libglib-json.a */;
			productType = "com.apple.product-type.library.static";
		};
/* End PBXNativeTarget section */

/* Begin PBXProject section */
		F564D9452266BEB700A5849B /* Project object */ = {
			isa = PBXProject;
			attributes = {
				LastUpgradeCheck = 1020;
				ORGANIZATIONNAME = "Chen Jie";
				TargetAttributes = {
					F564D94C2266BEB700A5849B = {
						CreatedOnToolsVersion = 10.2;
					};
				};
			};
			buildConfigurationList = F564D9482266BEB700A5849B /* Build configuration list for PBXProject "glib-json" */;
			compatibilityVersion = "Xcode 9.3";
			developmentRegion = en;
			hasScannedForEncodings = 0;
			knownRegions = (
				en,
			);
			mainGroup = F564D9442266BEB700A5849B;
			productRefGroup = F564D94E2266BEB700A5849B /* Products */;
			projectDirPath = "";
			projectRoot = "";
			targets = (
				F564D94C2266BEB700A5849B /* glib-json */,
			);
		};
/* End PBXProject section */

/* Begin PBXSourcesBuildPhase section */
		F564D9492266BEB700A5849B /* Sources */ = {
			isa = PBXSourcesBuildPhase;
			buildActionMask = 2147483647;
			files = (
				F564D98F2266BEDE00A5849B /* json-glib-format.c in Sources */,
				F564D98D2266BEDE00A5849B /* json-enum-types.c in Sources */,
				F564D98A2266BEDE00A5849B /* json-generator.c in Sources */,
				F564D98E2266BEDE00A5849B /* json-debug.c in Sources */,
				F564D9812266BEDE00A5849B /* json-object.c in Sources */,
				F564D9822266BEDE00A5849B /* json-scanner.c in Sources */,
				F564D9902266BEDE00A5849B /* json-array.c in Sources */,
				F564D97E2266BEDE00A5849B /* json-serializable.c in Sources */,
				F564D9872266BEDE00A5849B /* json-node.c in Sources */,
				F564D97F2266BEDE00A5849B /* json-utils.c in Sources */,
				F564D9832266BEDE00A5849B /* json-gboxed.c in Sources */,
				F564D9862266BEDE00A5849B /* json-gobject.c in Sources */,
				F564D9852266BEDE00A5849B /* json-builder.c in Sources */,
				F564D9892266BEDE00A5849B /* json-reader.c in Sources */,
				F564D9802266BEDE00A5849B /* json-path.c in Sources */,
				F564D98C2266BEDE00A5849B /* json-glib-validate.c in Sources */,
				F564D9882266BEDE00A5849B /* json-gvariant.c in Sources */,
				F564D9842266BEDE00A5849B /* json-parser.c in Sources */,
				F564D98B2266BEDE00A5849B /* json-value.c in Sources */,
			);
			runOnlyForDeploymentPostprocessing = 0;
		};
/* End PBXSourcesBuildPhase section */

/* Begin XCBuildConfiguration section */
		F564D9542266BEB700A5849B /* Debug */ = {
			isa = XCBuildConfiguration;
			buildSettings = {
				ALWAYS_SEARCH_USER_PATHS = NO;
				CLANG_ANALYZER_NONNULL = YES;
				CLANG_ANALYZER_NUMBER_OBJECT_CONVERSION = YES_AGGRESSIVE;
				CLANG_CXX_LANGUAGE_STANDARD = "gnu++14";
				CLANG_CXX_LIBRARY = "libc++";
				CLANG_ENABLE_MODULES = YES;
				CLANG_ENABLE_OBJC_ARC = YES;
				CLANG_ENABLE_OBJC_WEAK = YES;
				CLANG_WARN_BLOCK_CAPTURE_AUTORELEASING = YES;
				CLANG_WARN_BOOL_CONVERSION = YES;
				CLANG_WARN_COMMA = YES;
				CLANG_WARN_CONSTANT_CONVERSION = YES;
				CLANG_WARN_DEPRECATED_OBJC_IMPLEMENTATIONS = YES;
				CLANG_WARN_DIRECT_OBJC_ISA_USAGE = YES_ERROR;
				CLANG_WARN_DOCUMENTATION_COMMENTS = YES;
				CLANG_WARN_EMPTY_BODY = YES;
				CLANG_WARN_ENUM_CONVERSION = YES;
				CLANG_WARN_INFINITE_RECURSION = YES;
				CLANG_WARN_INT_CONVERSION = YES;
				CLANG_WARN_NON_LITERAL_NULL_CONVERSION = YES;
				CLANG_WARN_OBJC_IMPLICIT_RETAIN_SELF = YES;
				CLANG_WARN_OBJC_LITERAL_CONVERSION = YES;
				CLANG_WARN_OBJC_ROOT_CLASS = YES_ERROR;
				CLANG_WARN_RANGE_LOOP_ANALYSIS = YES;
				CLANG_WARN_STRICT_PROTOTYPES = YES;
				CLANG_WARN_SUSPICIOUS_MOVE = YES;
				CLANG_WARN_UNGUARDED_AVAILABILITY = YES_AGGRESSIVE;
				CLANG_WARN_UNREACHABLE_CODE = YES;
				CLANG_WARN__DUPLICATE_METHOD_MATCH = YES;
				CODE_SIGN_IDENTITY = "iPhone Developer";
				COPY_PHASE_STRIP = NO;
				DEBUG_INFORMATION_FORMAT = dwarf;
				ENABLE_STRICT_OBJC_MSGSEND = YES;
				ENABLE_TESTABILITY = YES;
				GCC_C_LANGUAGE_STANDARD = gnu11;
				GCC_DYNAMIC_NO_PIC = NO;
				GCC_NO_COMMON_BLOCKS = YES;
				GCC_OPTIMIZATION_LEVEL = 0;
				GCC_PREPROCESSOR_DEFINITIONS = (
					"DEBUG=1",
					"$(inherited)",
				);
				GCC_WARN_64_TO_32_BIT_CONVERSION = YES;
				GCC_WARN_ABOUT_RETURN_TYPE = YES_ERROR;
				GCC_WARN_UNDECLARED_SELECTOR = YES;
				GCC_WARN_UNINITIALIZED_AUTOS = YES_AGGRESSIVE;
				GCC_WARN_UNUSED_FUNCTION = YES;
				GCC_WARN_UNUSED_VARIABLE = YES;
				IPHONEOS_DEPLOYMENT_TARGET = 9.0;
				MTL_ENABLE_DEBUG_INFO = INCLUDE_SOURCE;
				MTL_FAST_MATH = YES;
				ONLY_ACTIVE_ARCH = YES;
				SDKROOT = iphoneos;
			};
			name = Debug;
		};
		F564D9552266BEB700A5849B /* Release */ = {
			isa = XCBuildConfiguration;
			buildSettings = {
				ALWAYS_SEARCH_USER_PATHS = NO;
				CLANG_ANALYZER_NONNULL = YES;
				CLANG_ANALYZER_NUMBER_OBJECT_CONVERSION = YES_AGGRESSIVE;
				CLANG_CXX_LANGUAGE_STANDARD = "gnu++14";
				CLANG_CXX_LIBRARY = "libc++";
				CLANG_ENABLE_MODULES = YES;
				CLANG_ENABLE_OBJC_ARC = YES;
				CLANG_ENABLE_OBJC_WEAK = YES;
				CLANG_WARN_BLOCK_CAPTURE_AUTORELEASING = YES;
				CLANG_WARN_BOOL_CONVERSION = YES;
				CLANG_WARN_COMMA = YES;
				CLANG_WARN_CONSTANT_CONVERSION = YES;
				CLANG_WARN_DEPRECATED_OBJC_IMPLEMENTATIONS = YES;
				CLANG_WARN_DIRECT_OBJC_ISA_USAGE = YES_ERROR;
				CLANG_WARN_DOCUMENTATION_COMMENTS = YES;
				CLANG_WARN_EMPTY_BODY = YES;
				CLANG_WARN_ENUM_CONVERSION = YES;
				CLANG_WARN_INFINITE_RECURSION = YES;
				CLANG_WARN_INT_CONVERSION = YES;
				CLANG_WARN_NON_LITERAL_NULL_CONVERSION = YES;
				CLANG_WARN_OBJC_IMPLICIT_RETAIN_SELF = YES;
				CLANG_WARN_OBJC_LITERAL_CONVERSION = YES;
				CLANG_WARN_OBJC_ROOT_CLASS = YES_ERROR;
				CLANG_WARN_RANGE_LOOP_ANALYSIS = YES;
				CLANG_WARN_STRICT_PROTOTYPES = YES;
				CLANG_WARN_SUSPICIOUS_MOVE = YES;
				CLANG_WARN_UNGUARDED_AVAILABILITY = YES_AGGRESSIVE;
				CLANG_WARN_UNREACHABLE_CODE = YES;
				CLANG_WARN__DUPLICATE_METHOD_MATCH = YES;
				CODE_SIGN_IDENTITY = "iPhone Developer";
				COPY_PHASE_STRIP = NO;
				DEBUG_INFORMATION_FORMAT = "dwarf-with-dsym";
				ENABLE_NS_ASSERTIONS = NO;
				ENABLE_STRICT_OBJC_MSGSEND = YES;
				GCC_C_LANGUAGE_STANDARD = gnu11;
				GCC_NO_COMMON_BLOCKS = YES;
				GCC_WARN_64_TO_32_BIT_CONVERSION = YES;
				GCC_WARN_ABOUT_RETURN_TYPE = YES_ERROR;
				GCC_WARN_UNDECLARED_SELECTOR = YES;
				GCC_WARN_UNINITIALIZED_AUTOS = YES_AGGRESSIVE;
				GCC_WARN_UNUSED_FUNCTION = YES;
				GCC_WARN_UNUSED_VARIABLE = YES;
				IPHONEOS_DEPLOYMENT_TARGET = 9.0;
				MTL_ENABLE_DEBUG_INFO = NO;
				MTL_FAST_MATH = YES;
				SDKROOT = iphoneos;
				VALIDATE_PRODUCT = YES;
			};
			name = Release;
		};
		F564D9572266BEB700A5849B /* Debug */ = {
			isa = XCBuildConfiguration;
			buildSettings = {
				CODE_SIGN_STYLE = Automatic;
				HEADER_SEARCH_PATHS = (
					"/Users/Source/cerbero/build/dist/ios_universal/include/glib-2.0",
					/Users/Source/cerbero/build/dist/ios_universal/include,
					"/Users/Source/cerbero/build/dist/ios_universal/lib/glib-2.0/include",
				);
				LIBRARY_SEARCH_PATHS = /Users/Source/cerbero/build/dist/ios_universal/lib;
				OTHER_LDFLAGS = "-ObjC";
				PRODUCT_NAME = "$(TARGET_NAME)";
				SKIP_INSTALL = YES;
				TARGETED_DEVICE_FAMILY = "1,2";
			};
			name = Debug;
		};
		F564D9582266BEB700A5849B /* Release */ = {
			isa = XCBuildConfiguration;
			buildSettings = {
				CODE_SIGN_STYLE = Automatic;
				HEADER_SEARCH_PATHS = (
					"/Users/Source/cerbero/build/dist/ios_universal/include/glib-2.0",
					/Users/Source/cerbero/build/dist/ios_universal/include,
					"/Users/Source/cerbero/build/dist/ios_universal/lib/glib-2.0/include",
				);
				LIBRARY_SEARCH_PATHS = /Users/Source/cerbero/build/dist/ios_universal/lib;
				OTHER_LDFLAGS = "-ObjC";
				PRODUCT_NAME = "$(TARGET_NAME)";
				SKIP_INSTALL = YES;
				TARGETED_DEVICE_FAMILY = "1,2";
			};
			name = Release;
		};
/* End XCBuildConfiguration section */

/* Begin XCConfigurationList section */
		F564D9482266BEB700A5849B /* Build configuration list for PBXProject "glib-json" */ = {
			isa = XCConfigurationList;
			buildConfigurations = (
				F564D9542266BEB700A5849B /* Debug */,
				F564D9552266BEB700A5849B /* Release */,
			);
			defaultConfigurationIsVisible = 0;
			defaultConfigurationName = Release;
		};
		F564D9562266BEB700A5849B /* Build configuration list for PBXNativeTarget "glib-json" */ = {
			isa = XCConfigurationList;
			buildConfigurations = (
				F564D9572266BEB700A5849B /* Debug */,
				F564D9582266BEB700A5849B /* Release */,
			);
			defaultConfigurationIsVisible = 0;
			defaultConfigurationName = Release;
		};
/* End XCConfigurationList section */
	};
	rootObject = F564D9452266BEB700A5849B /* Project object */;
}
